
<<<<<<< HEAD
Microsoft Visual Studio Solution File, Format Version 12.00
# Visual Studio 2017
Project("{FAE04EC0-301F-11D3-BF4B-00C04F79EFBC}") = "LunchOfFury", "LunchOfFury.csproj", "{776F8F44-9065-72D2-EF91-D7DB23AAF099}"
EndProject
Project("{FAE04EC0-301F-11D3-BF4B-00C04F79EFBC}") = "LunchOfFury.Editor", "LunchOfFury.Editor.csproj", "{34C27FAC-090B-B911-ACC8-7EBAE4C20B2E}"
=======
Microsoft Visual Studio Solution File, Format Version 11.00
# Visual Studio 2010
Project("{FAE04EC0-301F-11D3-BF4B-00C04F79EFBC}") = "LunchOfFury", "Assembly-CSharp.csproj", "{F7601824-F548-BF40-8CBE-79436A53E053}"
>>>>>>> UI
EndProject
Global
	GlobalSection(SolutionConfigurationPlatforms) = preSolution
		Debug|Any CPU = Debug|Any CPU
		Release|Any CPU = Release|Any CPU
	EndGlobalSection
	GlobalSection(ProjectConfigurationPlatforms) = postSolution
<<<<<<< HEAD
		{776F8F44-9065-72D2-EF91-D7DB23AAF099}.Debug|Any CPU.ActiveCfg = Debug|Any CPU
		{776F8F44-9065-72D2-EF91-D7DB23AAF099}.Debug|Any CPU.Build.0 = Debug|Any CPU
		{776F8F44-9065-72D2-EF91-D7DB23AAF099}.Release|Any CPU.ActiveCfg = Release|Any CPU
		{776F8F44-9065-72D2-EF91-D7DB23AAF099}.Release|Any CPU.Build.0 = Release|Any CPU
		{34C27FAC-090B-B911-ACC8-7EBAE4C20B2E}.Debug|Any CPU.ActiveCfg = Debug|Any CPU
		{34C27FAC-090B-B911-ACC8-7EBAE4C20B2E}.Debug|Any CPU.Build.0 = Debug|Any CPU
		{34C27FAC-090B-B911-ACC8-7EBAE4C20B2E}.Release|Any CPU.ActiveCfg = Release|Any CPU
		{34C27FAC-090B-B911-ACC8-7EBAE4C20B2E}.Release|Any CPU.Build.0 = Release|Any CPU
=======
		{F7601824-F548-BF40-8CBE-79436A53E053}.Debug|Any CPU.ActiveCfg = Debug|Any CPU
		{F7601824-F548-BF40-8CBE-79436A53E053}.Debug|Any CPU.Build.0 = Debug|Any CPU
		{F7601824-F548-BF40-8CBE-79436A53E053}.Release|Any CPU.ActiveCfg = Release|Any CPU
		{F7601824-F548-BF40-8CBE-79436A53E053}.Release|Any CPU.Build.0 = Release|Any CPU
>>>>>>> UI
	EndGlobalSection
	GlobalSection(SolutionProperties) = preSolution
		HideSolutionNode = FALSE
	EndGlobalSection
EndGlobal
