
Microsoft Visual Studio Solution File, Format Version 11.00
# Visual Studio 2010
Project("{FAE04EC0-301F-11D3-BF4B-00C04F79EFBC}") = "LunchOfFury", "Assembly-CSharp.csproj", "{F7601824-F548-BF40-8CBE-79436A53E053}"
EndProject
Project("{FAE04EC0-301F-11D3-BF4B-00C04F79EFBC}") = "LunchOfFury", "Assembly-CSharp-Editor.csproj", "{51AF8C08-AC0D-8AC8-E3AD-E5B9390B1884}"
EndProject
Global
	GlobalSection(SolutionConfigurationPlatforms) = preSolution
		Debug|Any CPU = Debug|Any CPU
		Release|Any CPU = Release|Any CPU
	EndGlobalSection
	GlobalSection(ProjectConfigurationPlatforms) = postSolution
		{F7601824-F548-BF40-8CBE-79436A53E053}.Debug|Any CPU.ActiveCfg = Debug|Any CPU
		{F7601824-F548-BF40-8CBE-79436A53E053}.Debug|Any CPU.Build.0 = Debug|Any CPU
		{F7601824-F548-BF40-8CBE-79436A53E053}.Release|Any CPU.ActiveCfg = Release|Any CPU
		{F7601824-F548-BF40-8CBE-79436A53E053}.Release|Any CPU.Build.0 = Release|Any CPU
		{51AF8C08-AC0D-8AC8-E3AD-E5B9390B1884}.Debug|Any CPU.ActiveCfg = Debug|Any CPU
		{51AF8C08-AC0D-8AC8-E3AD-E5B9390B1884}.Debug|Any CPU.Build.0 = Debug|Any CPU
		{51AF8C08-AC0D-8AC8-E3AD-E5B9390B1884}.Release|Any CPU.ActiveCfg = Release|Any CPU
		{51AF8C08-AC0D-8AC8-E3AD-E5B9390B1884}.Release|Any CPU.Build.0 = Release|Any CPU
	EndGlobalSection
	GlobalSection(SolutionProperties) = preSolution
		HideSolutionNode = FALSE
	EndGlobalSection
	GlobalSection(MonoDevelopProperties) = preSolution
		StartupItem = Assembly-CSharp.csproj
	EndGlobalSection
EndGlobal
